
Microsoft Visual Studio Solution File, Format Version 12.00
# Visual Studio Version 16
VisualStudioVersion = 16.0.29306.81
MinimumVisualStudioVersion = 10.0.40219.1
Project("{FAE04EC0-301F-11D3-BF4B-00C04F79EFBC}") = "Th8", "Th8\Th8.csproj", "{A408DECC-1DB6-45A5-8BAB-75C6092A9904}"
EndProject
Global
	GlobalSection(SolutionConfigurationPlatforms) = preSolution
		Debug|Any CPU = Debug|Any CPU
		Release|Any CPU = Release|Any CPU
	EndGlobalSection
	GlobalSection(ProjectConfigurationPlatforms) = postSolution
		{A408DECC-1DB6-45A5-8BAB-75C6092A9904}.Debug|Any CPU.ActiveCfg = Debug|Any CPU
		{A408DECC-1DB6-45A5-8BAB-75C6092A9904}.Debug|Any CPU.Build.0 = Debug|Any CPU
		{A408DECC-1DB6-45A5-8BAB-75C6092A9904}.Release|Any CPU.ActiveCfg = Release|Any CPU
		{A408DECC-1DB6-45A5-8BAB-75C6092A9904}.Release|Any CPU.Build.0 = Release|Any CPU
	EndGlobalSection
	GlobalSection(SolutionProperties) = preSolution
		HideSolutionNode = FALSE
	EndGlobalSection
	GlobalSection(ExtensibilityGlobals) = postSolution
		SolutionGuid = {21BC02F1-4F73-4995-9E4B-A873A54A8041}
	EndGlobalSection
EndGlobal
