
Microsoft Visual Studio Solution File, Format Version 12.00
# Visual Studio Version 16
VisualStudioVersion = 16.0.29306.81
MinimumVisualStudioVersion = 10.0.40219.1
Project("{FAE04EC0-301F-11D3-BF4B-00C04F79EFBC}") = "Th10", "Th10\Th10.csproj", "{B08E9397-5992-41FC-845C-8BF91F8D2296}"
EndProject
Global
	GlobalSection(SolutionConfigurationPlatforms) = preSolution
		Debug|Any CPU = Debug|Any CPU
		Release|Any CPU = Release|Any CPU
	EndGlobalSection
	GlobalSection(ProjectConfigurationPlatforms) = postSolution
		{B08E9397-5992-41FC-845C-8BF91F8D2296}.Debug|Any CPU.ActiveCfg = Debug|Any CPU
		{B08E9397-5992-41FC-845C-8BF91F8D2296}.Debug|Any CPU.Build.0 = Debug|Any CPU
		{B08E9397-5992-41FC-845C-8BF91F8D2296}.Release|Any CPU.ActiveCfg = Release|Any CPU
		{B08E9397-5992-41FC-845C-8BF91F8D2296}.Release|Any CPU.Build.0 = Release|Any CPU
	EndGlobalSection
	GlobalSection(SolutionProperties) = preSolution
		HideSolutionNode = FALSE
	EndGlobalSection
	GlobalSection(ExtensibilityGlobals) = postSolution
		SolutionGuid = {5D15642D-74EC-4AEB-A75B-AA3913BA6006}
	EndGlobalSection
EndGlobal
